{
  "originHash" : "372fc553ed46db374efc2b523e3077fcb9b5e87615abeedf8ab6b54ff2068854",
  "pins" : [
    {
      "identity" : "sqlcipher.swift",
      "kind" : "remoteSourceControl",
      "location" : "https://github.com/sqlcipher/SQLCipher.swift.git",
      "state" : {
        "revision" : "f879fffaaa3ad3541a77830daad4a28726dfa927",
        "version" : "4.18.0"
      }
    }
  ],
  "version" : 3
}
